
Microsoft Visual Studio Solution File, Format Version 12.00
# Visual Studio Version 17
VisualStudioVersion = 17.11.35312.102
MinimumVisualStudioVersion = 10.0.40219.1
Project("{9A19103F-16F7-4668-BE54-9A1E7A4F7556}") = "LogicaNegocio", "LogicaNegocio\LogicaNegocio.csproj", "{28AA5C09-579E-41E7-892F-DD8D823457C1}"
EndProject
Project("{FAE04EC0-301F-11D3-BF4B-00C04F79EFBC}") = "InterfazUsuario", "InterfazUsuario\InterfazUsuario.csproj", "{3EB2AC50-8821-4471-A9B9-C9CD8242F667}"
EndProject
Project("{2150E333-8FDC-42A3-9474-1A3956D46DE8}") = "Solution Items", "Solution Items", "{E6724620-AB10-4364-A867-58E3780906B8}"
	ProjectSection(SolutionItems) = preProject
		.editorconfig = .editorconfig
	EndProjectSection
EndProject
Global
	GlobalSection(SolutionConfigurationPlatforms) = preSolution
		Debug|Any CPU = Debug|Any CPU
		Release|Any CPU = Release|Any CPU
	EndGlobalSection
	GlobalSection(ProjectConfigurationPlatforms) = postSolution
		{28AA5C09-579E-41E7-892F-DD8D823457C1}.Debug|Any CPU.ActiveCfg = Debug|Any CPU
		{28AA5C09-579E-41E7-892F-DD8D823457C1}.Debug|Any CPU.Build.0 = Debug|Any CPU
		{28AA5C09-579E-41E7-892F-DD8D823457C1}.Release|Any CPU.ActiveCfg = Release|Any CPU
		{28AA5C09-579E-41E7-892F-DD8D823457C1}.Release|Any CPU.Build.0 = Release|Any CPU
		{3EB2AC50-8821-4471-A9B9-C9CD8242F667}.Debug|Any CPU.ActiveCfg = Debug|Any CPU
		{3EB2AC50-8821-4471-A9B9-C9CD8242F667}.Debug|Any CPU.Build.0 = Debug|Any CPU
		{3EB2AC50-8821-4471-A9B9-C9CD8242F667}.Release|Any CPU.ActiveCfg = Release|Any CPU
		{3EB2AC50-8821-4471-A9B9-C9CD8242F667}.Release|Any CPU.Build.0 = Release|Any CPU
	EndGlobalSection
	GlobalSection(SolutionProperties) = preSolution
		HideSolutionNode = FALSE
	EndGlobalSection
	GlobalSection(ExtensibilityGlobals) = postSolution
		SolutionGuid = {469F7305-792E-4300-9616-6920FFD31518}
	EndGlobalSection
EndGlobal
