
Microsoft Visual Studio Solution File, Format Version 12.00
# Visual Studio Version 17
VisualStudioVersion = 17.11.35312.102
MinimumVisualStudioVersion = 10.0.40219.1
Project("{FAE04EC0-301F-11D3-BF4B-00C04F79EFBC}") = "InterfazUsuario", "InterfazUsuario\InterfazUsuario.csproj", "{4E7735BF-6CE1-46F9-ACE8-12262D284668}"
EndProject
Project("{FAE04EC0-301F-11D3-BF4B-00C04F79EFBC}") = "LogicaNegocio", "LogicaNegocio\LogicaNegocio.csproj", "{28AA5C09-579E-41E7-892F-DD8D823457C1}"
EndProject
Global
	GlobalSection(SolutionConfigurationPlatforms) = preSolution
		Debug|Any CPU = Debug|Any CPU
		Release|Any CPU = Release|Any CPU
	EndGlobalSection
	GlobalSection(ProjectConfigurationPlatforms) = postSolution
		{4E7735BF-6CE1-46F9-ACE8-12262D284668}.Debug|Any CPU.ActiveCfg = Debug|Any CPU
		{4E7735BF-6CE1-46F9-ACE8-12262D284668}.Debug|Any CPU.Build.0 = Debug|Any CPU
		{4E7735BF-6CE1-46F9-ACE8-12262D284668}.Release|Any CPU.ActiveCfg = Release|Any CPU
		{4E7735BF-6CE1-46F9-ACE8-12262D284668}.Release|Any CPU.Build.0 = Release|Any CPU
		{28AA5C09-579E-41E7-892F-DD8D823457C1}.Debug|Any CPU.ActiveCfg = Debug|Any CPU
		{28AA5C09-579E-41E7-892F-DD8D823457C1}.Debug|Any CPU.Build.0 = Debug|Any CPU
		{28AA5C09-579E-41E7-892F-DD8D823457C1}.Release|Any CPU.ActiveCfg = Release|Any CPU
		{28AA5C09-579E-41E7-892F-DD8D823457C1}.Release|Any CPU.Build.0 = Release|Any CPU
	EndGlobalSection
	GlobalSection(SolutionProperties) = preSolution
		HideSolutionNode = FALSE
	EndGlobalSection
	GlobalSection(ExtensibilityGlobals) = postSolution
		SolutionGuid = {469F7305-792E-4300-9616-6920FFD31518}
	EndGlobalSection
EndGlobal
